// !$*UTF8*$!
{
	archiveVersion = 1;
	classes = {
	};
	objectVersion = 46;
	objects = {

/* Begin PBXBuildFile section */
		11EA2A7D1DE453DA00468127 /* Tennis.swift in Sources */ = {isa = PBXBuildFile; fileRef = 11EA2A7C1DE453DA00468127 /* Tennis.swift */; };
		11EA2A7F1DE454FD00468127 /* main.swift in Sources */ = {isa = PBXBuildFile; fileRef = 11EA2A7E1DE454FD00468127 /* main.swift */; };
		11EA2A811DE4782B00468127 /* Player.swift in Sources */ = {isa = PBXBuildFile; fileRef = 11EA2A801DE4782B00468127 /* Player.swift */; };
		11EA2A831DE4783F00468127 /* PointData.swift in Sources */ = {isa = PBXBuildFile; fileRef = 11EA2A821DE4783F00468127 /* PointData.swift */; };
		11EA2A851DE4785600468127 /* Point.swift in Sources */ = {isa = PBXBuildFile; fileRef = 11EA2A841DE4785600468127 /* Point.swift */; };
		11EA2A871DE4787800468127 /* FortyData.swift in Sources */ = {isa = PBXBuildFile; fileRef = 11EA2A861DE4787800468127 /* FortyData.swift */; };
		11EA2A891DE478A800468127 /* Score.swift in Sources */ = {isa = PBXBuildFile; fileRef = 11EA2A881DE478A800468127 /* Score.swift */; };
		11EA2A8D1DE4846900468127 /* PlayerTest.swift in Sources */ = {isa = PBXBuildFile; fileRef = 11EA2A8C1DE4846900468127 /* PlayerTest.swift */; };
		11EA2AD61DE4C0E900468127 /* Player.swift in Sources */ = {isa = PBXBuildFile; fileRef = 11EA2A801DE4782B00468127 /* Player.swift */; };
		11EA2AD71DE4C0E900468127 /* PointData.swift in Sources */ = {isa = PBXBuildFile; fileRef = 11EA2A821DE4783F00468127 /* PointData.swift */; };
		11EA2AD81DE4C0E900468127 /* Point.swift in Sources */ = {isa = PBXBuildFile; fileRef = 11EA2A841DE4785600468127 /* Point.swift */; };
		11EA2AD91DE4C0E900468127 /* FortyData.swift in Sources */ = {isa = PBXBuildFile; fileRef = 11EA2A861DE4787800468127 /* FortyData.swift */; };
		11EA2ADA1DE4C0E900468127 /* Score.swift in Sources */ = {isa = PBXBuildFile; fileRef = 11EA2A881DE478A800468127 /* Score.swift */; };
		11EA2ADC1DE4C21D00468127 /* TennisTest.swift in Sources */ = {isa = PBXBuildFile; fileRef = 11EA2ADB1DE4C21D00468127 /* TennisTest.swift */; };
		11EA2ADF1DE4C27400468127 /* PlayerExtensions.swift in Sources */ = {isa = PBXBuildFile; fileRef = 11EA2ADE1DE4C27400468127 /* PlayerExtensions.swift */; };
		11EA2AE01DE4C2D600468127 /* Tennis.swift in Sources */ = {isa = PBXBuildFile; fileRef = 11EA2A7C1DE453DA00468127 /* Tennis.swift */; };
		11EA2AE21DE4C6C100468127 /* FortyDataExtensions.swift in Sources */ = {isa = PBXBuildFile; fileRef = 11EA2AE11DE4C6C100468127 /* FortyDataExtensions.swift */; };
		11EA2AE41DE4C75000468127 /* PointExtensions.swift in Sources */ = {isa = PBXBuildFile; fileRef = 11EA2AE31DE4C75000468127 /* PointExtensions.swift */; };
		11EA2AE61DE4CD2500468127 /* PointDataExtensions.swift in Sources */ = {isa = PBXBuildFile; fileRef = 11EA2AE51DE4CD2500468127 /* PointDataExtensions.swift */; };
		11EA2AE81DE4D27900468127 /* ScoreExtensions.swift in Sources */ = {isa = PBXBuildFile; fileRef = 11EA2AE71DE4D27900468127 /* ScoreExtensions.swift */; };
		33766F372F8868D17123D744 /* Pods_TennisKataTest.framework in Frameworks */ = {isa = PBXBuildFile; fileRef = C8A0895D53F071C696134FC5 /* Pods_TennisKataTest.framework */; };
		D4308CA457C251F6A222A8C8 /* Pods_TennisKata.framework in Frameworks */ = {isa = PBXBuildFile; fileRef = 1084DF6B620C1FA305658FAB /* Pods_TennisKata.framework */; };
/* End PBXBuildFile section */

/* Begin PBXCopyFilesBuildPhase section */
		11EA2A631DE4537A00468127 /* CopyFiles */ = {
			isa = PBXCopyFilesBuildPhase;
			buildActionMask = 2147483647;
			dstPath = /usr/share/man/man1/;
			dstSubfolderSpec = 0;
			files = (
			);
			runOnlyForDeploymentPostprocessing = 1;
		};
/* End PBXCopyFilesBuildPhase section */

/* Begin PBXFileReference section */
		1084DF6B620C1FA305658FAB /* Pods_TennisKata.framework */ = {isa = PBXFileReference; explicitFileType = wrapper.framework; includeInIndex = 0; path = Pods_TennisKata.framework; sourceTree = BUILT_PRODUCTS_DIR; };
		11EA2A651DE4537A00468127 /* TennisKata */ = {isa = PBXFileReference; explicitFileType = "compiled.mach-o.executable"; includeInIndex = 0; path = TennisKata; sourceTree = BUILT_PRODUCTS_DIR; };
		11EA2A731DE453A800468127 /* TennisKataTest.xctest */ = {isa = PBXFileReference; explicitFileType = wrapper.cfbundle; includeInIndex = 0; path = TennisKataTest.xctest; sourceTree = BUILT_PRODUCTS_DIR; };
		11EA2A771DE453A800468127 /* Info.plist */ = {isa = PBXFileReference; lastKnownFileType = text.plist.xml; path = Info.plist; sourceTree = "<group>"; };
		11EA2A7B1DE453DA00468127 /* TennisKata-Bridging-Header.h */ = {isa = PBXFileReference; lastKnownFileType = sourcecode.c.h; path = "TennisKata-Bridging-Header.h"; sourceTree = "<group>"; };
		11EA2A7C1DE453DA00468127 /* Tennis.swift */ = {isa = PBXFileReference; fileEncoding = 4; lastKnownFileType = sourcecode.swift; path = Tennis.swift; sourceTree = "<group>"; };
		11EA2A7E1DE454FD00468127 /* main.swift */ = {isa = PBXFileReference; fileEncoding = 4; lastKnownFileType = sourcecode.swift; path = main.swift; sourceTree = "<group>"; };
		11EA2A801DE4782B00468127 /* Player.swift */ = {isa = PBXFileReference; fileEncoding = 4; lastKnownFileType = sourcecode.swift; path = Player.swift; sourceTree = "<group>"; };
		11EA2A821DE4783F00468127 /* PointData.swift */ = {isa = PBXFileReference; fileEncoding = 4; lastKnownFileType = sourcecode.swift; path = PointData.swift; sourceTree = "<group>"; };
		11EA2A841DE4785600468127 /* Point.swift */ = {isa = PBXFileReference; fileEncoding = 4; lastKnownFileType = sourcecode.swift; path = Point.swift; sourceTree = "<group>"; };
		11EA2A861DE4787800468127 /* FortyData.swift */ = {isa = PBXFileReference; fileEncoding = 4; lastKnownFileType = sourcecode.swift; path = FortyData.swift; sourceTree = "<group>"; };
		11EA2A881DE478A800468127 /* Score.swift */ = {isa = PBXFileReference; fileEncoding = 4; lastKnownFileType = sourcecode.swift; path = Score.swift; sourceTree = "<group>"; };
		11EA2A8C1DE4846900468127 /* PlayerTest.swift */ = {isa = PBXFileReference; fileEncoding = 4; lastKnownFileType = sourcecode.swift; path = PlayerTest.swift; sourceTree = "<group>"; };
		11EA2ADB1DE4C21D00468127 /* TennisTest.swift */ = {isa = PBXFileReference; fileEncoding = 4; lastKnownFileType = sourcecode.swift; path = TennisTest.swift; sourceTree = "<group>"; };
		11EA2ADE1DE4C27400468127 /* PlayerExtensions.swift */ = {isa = PBXFileReference; fileEncoding = 4; lastKnownFileType = sourcecode.swift; path = PlayerExtensions.swift; sourceTree = "<group>"; };
		11EA2AE11DE4C6C100468127 /* FortyDataExtensions.swift */ = {isa = PBXFileReference; fileEncoding = 4; lastKnownFileType = sourcecode.swift; path = FortyDataExtensions.swift; sourceTree = "<group>"; };
		11EA2AE31DE4C75000468127 /* PointExtensions.swift */ = {isa = PBXFileReference; fileEncoding = 4; lastKnownFileType = sourcecode.swift; path = PointExtensions.swift; sourceTree = "<group>"; };
		11EA2AE51DE4CD2500468127 /* PointDataExtensions.swift */ = {isa = PBXFileReference; fileEncoding = 4; lastKnownFileType = sourcecode.swift; path = PointDataExtensions.swift; sourceTree = "<group>"; };
		11EA2AE71DE4D27900468127 /* ScoreExtensions.swift */ = {isa = PBXFileReference; fileEncoding = 4; lastKnownFileType = sourcecode.swift; path = ScoreExtensions.swift; sourceTree = "<group>"; };
		2D4A17D534873F8213FE02F7 /* Pods-TennisKata.debug.xcconfig */ = {isa = PBXFileReference; includeInIndex = 1; lastKnownFileType = text.xcconfig; name = "Pods-TennisKata.debug.xcconfig"; path = "Pods/Target Support Files/Pods-TennisKata/Pods-TennisKata.debug.xcconfig"; sourceTree = "<group>"; };
		4F95E456C71B5AF7A474DD7F /* Pods-TennisKataTest.release.xcconfig */ = {isa = PBXFileReference; includeInIndex = 1; lastKnownFileType = text.xcconfig; name = "Pods-TennisKataTest.release.xcconfig"; path = "Pods/Target Support Files/Pods-TennisKataTest/Pods-TennisKataTest.release.xcconfig"; sourceTree = "<group>"; };
		AB8CBBBD381FC029725E0CA1 /* Pods-TennisKata.release.xcconfig */ = {isa = PBXFileReference; includeInIndex = 1; lastKnownFileType = text.xcconfig; name = "Pods-TennisKata.release.xcconfig"; path = "Pods/Target Support Files/Pods-TennisKata/Pods-TennisKata.release.xcconfig"; sourceTree = "<group>"; };
		C8A0895D53F071C696134FC5 /* Pods_TennisKataTest.framework */ = {isa = PBXFileReference; explicitFileType = wrapper.framework; includeInIndex = 0; path = Pods_TennisKataTest.framework; sourceTree = BUILT_PRODUCTS_DIR; };
		EEF67AACCE454C708CA84442 /* Pods-TennisKataTest.debug.xcconfig */ = {isa = PBXFileReference; includeInIndex = 1; lastKnownFileType = text.xcconfig; name = "Pods-TennisKataTest.debug.xcconfig"; path = "Pods/Target Support Files/Pods-TennisKataTest/Pods-TennisKataTest.debug.xcconfig"; sourceTree = "<group>"; };
/* End PBXFileReference section */

/* Begin PBXFrameworksBuildPhase section */
		11EA2A621DE4537A00468127 /* Frameworks */ = {
			isa = PBXFrameworksBuildPhase;
			buildActionMask = 2147483647;
			files = (
				D4308CA457C251F6A222A8C8 /* Pods_TennisKata.framework in Frameworks */,
			);
			runOnlyForDeploymentPostprocessing = 0;
		};
		11EA2A701DE453A800468127 /* Frameworks */ = {
			isa = PBXFrameworksBuildPhase;
			buildActionMask = 2147483647;
			files = (
				33766F372F8868D17123D744 /* Pods_TennisKataTest.framework in Frameworks */,
			);
			runOnlyForDeploymentPostprocessing = 0;
		};
/* End PBXFrameworksBuildPhase section */

/* Begin PBXGroup section */
		11EA2A5C1DE4537A00468127 = {
			isa = PBXGroup;
			children = (
				78B450B06E7BD35951DD6563 /* Frameworks */,
				72592A54D67C32D93B62773B /* Pods */,
				11EA2A661DE4537A00468127 /* Products */,
				11EA2A671DE4537A00468127 /* TennisKata */,
				11EA2A741DE453A800468127 /* TennisKataTest */,
			);
			sourceTree = "<group>";
		};
		11EA2A661DE4537A00468127 /* Products */ = {
			isa = PBXGroup;
			children = (
				11EA2A651DE4537A00468127 /* TennisKata */,
				11EA2A731DE453A800468127 /* TennisKataTest.xctest */,
			);
			name = Products;
			sourceTree = "<group>";
		};
		11EA2A671DE4537A00468127 /* TennisKata */ = {
			isa = PBXGroup;
			children = (
				11EA2A7E1DE454FD00468127 /* main.swift */,
				11EA2A7C1DE453DA00468127 /* Tennis.swift */,
				11EA2A7B1DE453DA00468127 /* TennisKata-Bridging-Header.h */,
				11EA2A8A1DE47C4E00468127 /* Types */,
			);
			path = TennisKata;
			sourceTree = "<group>";
		};
		11EA2A741DE453A800468127 /* TennisKataTest */ = {
			isa = PBXGroup;
			children = (
				11EA2ADD1DE4C26500468127 /* Extensions */,
				11EA2A771DE453A800468127 /* Info.plist */,
				11EA2ADB1DE4C21D00468127 /* TennisTest.swift */,
				11EA2A8B1DE4845800468127 /* Types */,
			);
			path = TennisKataTest;
			sourceTree = "<group>";
		};
		11EA2A8A1DE47C4E00468127 /* Types */ = {
			isa = PBXGroup;
			children = (
				11EA2A861DE4787800468127 /* FortyData.swift */,
				11EA2A801DE4782B00468127 /* Player.swift */,
				11EA2A841DE4785600468127 /* Point.swift */,
				11EA2A821DE4783F00468127 /* PointData.swift */,
				11EA2A881DE478A800468127 /* Score.swift */,
			);
			name = Types;
			sourceTree = "<group>";
		};
		11EA2A8B1DE4845800468127 /* Types */ = {
			isa = PBXGroup;
			children = (
				11EA2A8C1DE4846900468127 /* PlayerTest.swift */,
			);
			name = Types;
			sourceTree = "<group>";
		};
		11EA2ADD1DE4C26500468127 /* Extensions */ = {
			isa = PBXGroup;
			children = (
				11EA2AE11DE4C6C100468127 /* FortyDataExtensions.swift */,
				11EA2ADE1DE4C27400468127 /* PlayerExtensions.swift */,
				11EA2AE51DE4CD2500468127 /* PointDataExtensions.swift */,
				11EA2AE31DE4C75000468127 /* PointExtensions.swift */,
				11EA2AE71DE4D27900468127 /* ScoreExtensions.swift */,
			);
			name = Extensions;
			sourceTree = "<group>";
		};
		72592A54D67C32D93B62773B /* Pods */ = {
			isa = PBXGroup;
			children = (
				2D4A17D534873F8213FE02F7 /* Pods-TennisKata.debug.xcconfig */,
				AB8CBBBD381FC029725E0CA1 /* Pods-TennisKata.release.xcconfig */,
				EEF67AACCE454C708CA84442 /* Pods-TennisKataTest.debug.xcconfig */,
				4F95E456C71B5AF7A474DD7F /* Pods-TennisKataTest.release.xcconfig */,
			);
			name = Pods;
			sourceTree = "<group>";
		};
		78B450B06E7BD35951DD6563 /* Frameworks */ = {
			isa = PBXGroup;
			children = (
				1084DF6B620C1FA305658FAB /* Pods_TennisKata.framework */,
				C8A0895D53F071C696134FC5 /* Pods_TennisKataTest.framework */,
			);
			name = Frameworks;
			sourceTree = "<group>";
		};
/* End PBXGroup section */

/* Begin PBXNativeTarget section */
		11EA2A641DE4537A00468127 /* TennisKata */ = {
			isa = PBXNativeTarget;
			buildConfigurationList = 11EA2A6C1DE4537A00468127 /* Build configuration list for PBXNativeTarget "TennisKata" */;
			buildPhases = (
				363445E444F8F26EDE80624F /* [CP] Check Pods Manifest.lock */,
				11EA2A611DE4537A00468127 /* Sources */,
				11EA2A621DE4537A00468127 /* Frameworks */,
				11EA2A631DE4537A00468127 /* CopyFiles */,
			);
			buildRules = (
			);
			dependencies = (
			);
			name = TennisKata;
			productName = TennisKata;
			productReference = 11EA2A651DE4537A00468127 /* TennisKata */;
			productType = "com.apple.product-type.tool";
		};
		11EA2A721DE453A800468127 /* TennisKataTest */ = {
			isa = PBXNativeTarget;
			buildConfigurationList = 11EA2A781DE453A800468127 /* Build configuration list for PBXNativeTarget "TennisKataTest" */;
			buildPhases = (
				FCAF825DE9AF0F9F3E1F3314 /* [CP] Check Pods Manifest.lock */,
				11EA2A6F1DE453A800468127 /* Sources */,
				11EA2A701DE453A800468127 /* Frameworks */,
				11EA2A711DE453A800468127 /* Resources */,
				E856F373A057807DE15786CF /* [CP] Embed Pods Frameworks */,
			);
			buildRules = (
			);
			dependencies = (
			);
			name = TennisKataTest;
			productName = TennisKataTest;
			productReference = 11EA2A731DE453A800468127 /* TennisKataTest.xctest */;
			productType = "com.apple.product-type.bundle.unit-test";
		};
/* End PBXNativeTarget section */

/* Begin PBXProject section */
		11EA2A5D1DE4537A00468127 /* Project object */ = {
			isa = PBXProject;
			attributes = {
				LastSwiftUpdateCheck = 0810;
				LastUpgradeCheck = 1020;
				ORGANIZATIONNAME = "Tomás Ruiz-López";
				TargetAttributes = {
					11EA2A641DE4537A00468127 = {
						CreatedOnToolsVersion = 8.1;
						DevelopmentTeam = L7RXC8SZH2;
						LastSwiftMigration = 0810;
						ProvisioningStyle = Automatic;
					};
					11EA2A721DE453A800468127 = {
						CreatedOnToolsVersion = 8.1;
						DevelopmentTeam = L7RXC8SZH2;
						ProvisioningStyle = Automatic;
					};
				};
			};
			buildConfigurationList = 11EA2A601DE4537A00468127 /* Build configuration list for PBXProject "TennisKata" */;
			compatibilityVersion = "Xcode 3.2";
			developmentRegion = en;
			hasScannedForEncodings = 0;
			knownRegions = (
				en,
				Base,
			);
			mainGroup = 11EA2A5C1DE4537A00468127;
			productRefGroup = 11EA2A661DE4537A00468127 /* Products */;
			projectDirPath = "";
			projectRoot = "";
			targets = (
				11EA2A641DE4537A00468127 /* TennisKata */,
				11EA2A721DE453A800468127 /* TennisKataTest */,
			);
		};
/* End PBXProject section */

/* Begin PBXResourcesBuildPhase section */
		11EA2A711DE453A800468127 /* Resources */ = {
			isa = PBXResourcesBuildPhase;
			buildActionMask = 2147483647;
			files = (
			);
			runOnlyForDeploymentPostprocessing = 0;
		};
/* End PBXResourcesBuildPhase section */

/* Begin PBXShellScriptBuildPhase section */
		363445E444F8F26EDE80624F /* [CP] Check Pods Manifest.lock */ = {
			isa = PBXShellScriptBuildPhase;
			buildActionMask = 2147483647;
			files = (
			);
			inputPaths = (
				"${PODS_PODFILE_DIR_PATH}/Podfile.lock",
				"${PODS_ROOT}/Manifest.lock",
			);
			name = "[CP] Check Pods Manifest.lock";
			outputPaths = (
				"$(DERIVED_FILE_DIR)/Pods-TennisKata-checkManifestLockResult.txt",
			);
			runOnlyForDeploymentPostprocessing = 0;
			shellPath = /bin/sh;
			shellScript = "diff \"${PODS_PODFILE_DIR_PATH}/Podfile.lock\" \"${PODS_ROOT}/Manifest.lock\" > /dev/null\nif [ $? != 0 ] ; then\n    # print error to STDERR\n    echo \"error: The sandbox is not in sync with the Podfile.lock. Run 'pod install' or update your CocoaPods installation.\" >&2\n    exit 1\nfi\n# This output is used by Xcode 'outputs' to avoid re-running this script phase.\necho \"SUCCESS\" > \"${SCRIPT_OUTPUT_FILE_0}\"\n";
			showEnvVarsInLog = 0;
		};
		E856F373A057807DE15786CF /* [CP] Embed Pods Frameworks */ = {
			isa = PBXShellScriptBuildPhase;
			buildActionMask = 2147483647;
			files = (
			);
			inputPaths = (
				"${PODS_ROOT}/Target Support Files/Pods-TennisKataTest/Pods-TennisKataTest-frameworks.sh",
				"${BUILT_PRODUCTS_DIR}/SwiftCheck/SwiftCheck.framework",
			);
			name = "[CP] Embed Pods Frameworks";
			outputPaths = (
				"${TARGET_BUILD_DIR}/${FRAMEWORKS_FOLDER_PATH}/SwiftCheck.framework",
			);
			runOnlyForDeploymentPostprocessing = 0;
			shellPath = /bin/sh;
			shellScript = "\"${PODS_ROOT}/Target Support Files/Pods-TennisKataTest/Pods-TennisKataTest-frameworks.sh\"\n";
			showEnvVarsInLog = 0;
		};
		FCAF825DE9AF0F9F3E1F3314 /* [CP] Check Pods Manifest.lock */ = {
			isa = PBXShellScriptBuildPhase;
			buildActionMask = 2147483647;
			files = (
			);
			inputPaths = (
				"${PODS_PODFILE_DIR_PATH}/Podfile.lock",
				"${PODS_ROOT}/Manifest.lock",
			);
			name = "[CP] Check Pods Manifest.lock";
			outputPaths = (
				"$(DERIVED_FILE_DIR)/Pods-TennisKataTest-checkManifestLockResult.txt",
			);
			runOnlyForDeploymentPostprocessing = 0;
			shellPath = /bin/sh;
			shellScript = "diff \"${PODS_PODFILE_DIR_PATH}/Podfile.lock\" \"${PODS_ROOT}/Manifest.lock\" > /dev/null\nif [ $? != 0 ] ; then\n    # print error to STDERR\n    echo \"error: The sandbox is not in sync with the Podfile.lock. Run 'pod install' or update your CocoaPods installation.\" >&2\n    exit 1\nfi\n# This output is used by Xcode 'outputs' to avoid re-running this script phase.\necho \"SUCCESS\" > \"${SCRIPT_OUTPUT_FILE_0}\"\n";
			showEnvVarsInLog = 0;
		};
/* End PBXShellScriptBuildPhase section */

/* Begin PBXSourcesBuildPhase section */
		11EA2A611DE4537A00468127 /* Sources */ = {
			isa = PBXSourcesBuildPhase;
			buildActionMask = 2147483647;
			files = (
				11EA2A891DE478A800468127 /* Score.swift in Sources */,
				11EA2A7F1DE454FD00468127 /* main.swift in Sources */,
				11EA2A851DE4785600468127 /* Point.swift in Sources */,
				11EA2A811DE4782B00468127 /* Player.swift in Sources */,
				11EA2A831DE4783F00468127 /* PointData.swift in Sources */,
				11EA2A871DE4787800468127 /* FortyData.swift in Sources */,
				11EA2A7D1DE453DA00468127 /* Tennis.swift in Sources */,
			);
			runOnlyForDeploymentPostprocessing = 0;
		};
		11EA2A6F1DE453A800468127 /* Sources */ = {
			isa = PBXSourcesBuildPhase;
			buildActionMask = 2147483647;
			files = (
				11EA2AE61DE4CD2500468127 /* PointDataExtensions.swift in Sources */,
				11EA2ADA1DE4C0E900468127 /* Score.swift in Sources */,
				11EA2ADC1DE4C21D00468127 /* TennisTest.swift in Sources */,
				11EA2AE21DE4C6C100468127 /* FortyDataExtensions.swift in Sources */,
				11EA2A8D1DE4846900468127 /* PlayerTest.swift in Sources */,
				11EA2AD81DE4C0E900468127 /* Point.swift in Sources */,
				11EA2AD61DE4C0E900468127 /* Player.swift in Sources */,
				11EA2AD71DE4C0E900468127 /* PointData.swift in Sources */,
				11EA2AE01DE4C2D600468127 /* Tennis.swift in Sources */,
				11EA2AE41DE4C75000468127 /* PointExtensions.swift in Sources */,
				11EA2AE81DE4D27900468127 /* ScoreExtensions.swift in Sources */,
				11EA2ADF1DE4C27400468127 /* PlayerExtensions.swift in Sources */,
				11EA2AD91DE4C0E900468127 /* FortyData.swift in Sources */,
			);
			runOnlyForDeploymentPostprocessing = 0;
		};
/* End PBXSourcesBuildPhase section */

/* Begin XCBuildConfiguration section */
		11EA2A6A1DE4537A00468127 /* Debug */ = {
			isa = XCBuildConfiguration;
			buildSettings = {
				ALWAYS_SEARCH_USER_PATHS = NO;
				CLANG_ANALYZER_LOCALIZABILITY_NONLOCALIZED = YES;
				CLANG_ANALYZER_NONNULL = YES;
				CLANG_CXX_LANGUAGE_STANDARD = "gnu++0x";
				CLANG_CXX_LIBRARY = "libc++";
				CLANG_ENABLE_MODULES = YES;
				CLANG_ENABLE_OBJC_ARC = YES;
				CLANG_WARN_BLOCK_CAPTURE_AUTORELEASING = YES;
				CLANG_WARN_BOOL_CONVERSION = YES;
				CLANG_WARN_COMMA = YES;
				CLANG_WARN_CONSTANT_CONVERSION = YES;
				CLANG_WARN_DEPRECATED_OBJC_IMPLEMENTATIONS = YES;
				CLANG_WARN_DIRECT_OBJC_ISA_USAGE = YES_ERROR;
				CLANG_WARN_DOCUMENTATION_COMMENTS = YES;
				CLANG_WARN_EMPTY_BODY = YES;
				CLANG_WARN_ENUM_CONVERSION = YES;
				CLANG_WARN_INFINITE_RECURSION = YES;
				CLANG_WARN_INT_CONVERSION = YES;
				CLANG_WARN_NON_LITERAL_NULL_CONVERSION = YES;
				CLANG_WARN_OBJC_IMPLICIT_RETAIN_SELF = YES;
				CLANG_WARN_OBJC_LITERAL_CONVERSION = YES;
				CLANG_WARN_OBJC_ROOT_CLASS = YES_ERROR;
				CLANG_WARN_RANGE_LOOP_ANALYSIS = YES;
				CLANG_WARN_STRICT_PROTOTYPES = YES;
				CLANG_WARN_SUSPICIOUS_MOVE = YES;
				CLANG_WARN_SUSPICIOUS_MOVES = YES;
				CLANG_WARN_UNREACHABLE_CODE = YES;
				CLANG_WARN__DUPLICATE_METHOD_MATCH = YES;
				CODE_SIGN_IDENTITY = "-";
				COPY_PHASE_STRIP = NO;
				DEBUG_INFORMATION_FORMAT = dwarf;
				ENABLE_STRICT_OBJC_MSGSEND = YES;
				ENABLE_TESTABILITY = YES;
				GCC_C_LANGUAGE_STANDARD = gnu99;
				GCC_DYNAMIC_NO_PIC = NO;
				GCC_NO_COMMON_BLOCKS = YES;
				GCC_OPTIMIZATION_LEVEL = 0;
				GCC_PREPROCESSOR_DEFINITIONS = (
					"DEBUG=1",
					"$(inherited)",
				);
				GCC_WARN_64_TO_32_BIT_CONVERSION = YES;
				GCC_WARN_ABOUT_RETURN_TYPE = YES_ERROR;
				GCC_WARN_UNDECLARED_SELECTOR = YES;
				GCC_WARN_UNINITIALIZED_AUTOS = YES_AGGRESSIVE;
				GCC_WARN_UNUSED_FUNCTION = YES;
				GCC_WARN_UNUSED_VARIABLE = YES;
				MACOSX_DEPLOYMENT_TARGET = 10.11;
				MTL_ENABLE_DEBUG_INFO = YES;
				ONLY_ACTIVE_ARCH = YES;
				SDKROOT = macosx;
				SWIFT_OPTIMIZATION_LEVEL = "-Onone";
			};
			name = Debug;
		};
		11EA2A6B1DE4537A00468127 /* Release */ = {
			isa = XCBuildConfiguration;
			buildSettings = {
				ALWAYS_SEARCH_USER_PATHS = NO;
				CLANG_ANALYZER_LOCALIZABILITY_NONLOCALIZED = YES;
				CLANG_ANALYZER_NONNULL = YES;
				CLANG_CXX_LANGUAGE_STANDARD = "gnu++0x";
				CLANG_CXX_LIBRARY = "libc++";
				CLANG_ENABLE_MODULES = YES;
				CLANG_ENABLE_OBJC_ARC = YES;
				CLANG_WARN_BLOCK_CAPTURE_AUTORELEASING = YES;
				CLANG_WARN_BOOL_CONVERSION = YES;
				CLANG_WARN_COMMA = YES;
				CLANG_WARN_CONSTANT_CONVERSION = YES;
				CLANG_WARN_DEPRECATED_OBJC_IMPLEMENTATIONS = YES;
				CLANG_WARN_DIRECT_OBJC_ISA_USAGE = YES_ERROR;
				CLANG_WARN_DOCUMENTATION_COMMENTS = YES;
				CLANG_WARN_EMPTY_BODY = YES;
				CLANG_WARN_ENUM_CONVERSION = YES;
				CLANG_WARN_INFINITE_RECURSION = YES;
				CLANG_WARN_INT_CONVERSION = YES;
				CLANG_WARN_NON_LITERAL_NULL_CONVERSION = YES;
				CLANG_WARN_OBJC_IMPLICIT_RETAIN_SELF = YES;
				CLANG_WARN_OBJC_LITERAL_CONVERSION = YES;
				CLANG_WARN_OBJC_ROOT_CLASS = YES_ERROR;
				CLANG_WARN_RANGE_LOOP_ANALYSIS = YES;
				CLANG_WARN_STRICT_PROTOTYPES = YES;
				CLANG_WARN_SUSPICIOUS_MOVE = YES;
				CLANG_WARN_SUSPICIOUS_MOVES = YES;
				CLANG_WARN_UNREACHABLE_CODE = YES;
				CLANG_WARN__DUPLICATE_METHOD_MATCH = YES;
				CODE_SIGN_IDENTITY = "-";
				COPY_PHASE_STRIP = NO;
				DEBUG_INFORMATION_FORMAT = "dwarf-with-dsym";
				ENABLE_NS_ASSERTIONS = NO;
				ENABLE_STRICT_OBJC_MSGSEND = YES;
				GCC_C_LANGUAGE_STANDARD = gnu99;
				GCC_NO_COMMON_BLOCKS = YES;
				GCC_WARN_64_TO_32_BIT_CONVERSION = YES;
				GCC_WARN_ABOUT_RETURN_TYPE = YES_ERROR;
				GCC_WARN_UNDECLARED_SELECTOR = YES;
				GCC_WARN_UNINITIALIZED_AUTOS = YES_AGGRESSIVE;
				GCC_WARN_UNUSED_FUNCTION = YES;
				GCC_WARN_UNUSED_VARIABLE = YES;
				MACOSX_DEPLOYMENT_TARGET = 10.11;
				MTL_ENABLE_DEBUG_INFO = NO;
				SDKROOT = macosx;
				SWIFT_OPTIMIZATION_LEVEL = "-Owholemodule";
			};
			name = Release;
		};
		11EA2A6D1DE4537A00468127 /* Debug */ = {
			isa = XCBuildConfiguration;
			baseConfigurationReference = 2D4A17D534873F8213FE02F7 /* Pods-TennisKata.debug.xcconfig */;
			buildSettings = {
				CLANG_ENABLE_MODULES = YES;
				DEVELOPMENT_TEAM = L7RXC8SZH2;
				ENABLE_TESTABILITY = YES;
				LD_RUNPATH_SEARCH_PATHS = "$(inherited) @executable_path/../Frameworks @loader_path/../Frameworks";
				PRODUCT_NAME = "$(TARGET_NAME)";
				SWIFT_OBJC_BRIDGING_HEADER = "TennisKata/TennisKata-Bridging-Header.h";
				SWIFT_OPTIMIZATION_LEVEL = "-Onone";
				SWIFT_VERSION = 5.0;
			};
			name = Debug;
		};
		11EA2A6E1DE4537A00468127 /* Release */ = {
			isa = XCBuildConfiguration;
			baseConfigurationReference = AB8CBBBD381FC029725E0CA1 /* Pods-TennisKata.release.xcconfig */;
			buildSettings = {
				CLANG_ENABLE_MODULES = YES;
				DEVELOPMENT_TEAM = L7RXC8SZH2;
				ENABLE_TESTABILITY = YES;
				GCC_OPTIMIZATION_LEVEL = 0;
				LD_RUNPATH_SEARCH_PATHS = "$(inherited) @executable_path/../Frameworks @loader_path/../Frameworks";
				PRODUCT_NAME = "$(TARGET_NAME)";
				SWIFT_OBJC_BRIDGING_HEADER = "TennisKata/TennisKata-Bridging-Header.h";
				SWIFT_VERSION = 5.0;
			};
			name = Release;
		};
		11EA2A791DE453A800468127 /* Debug */ = {
			isa = XCBuildConfiguration;
			baseConfigurationReference = EEF67AACCE454C708CA84442 /* Pods-TennisKataTest.debug.xcconfig */;
			buildSettings = {
				ALWAYS_EMBED_SWIFT_STANDARD_LIBRARIES = YES;
				COMBINE_HIDPI_IMAGES = YES;
				DEVELOPMENT_TEAM = L7RXC8SZH2;
				INFOPLIST_FILE = TennisKataTest/Info.plist;
				LD_RUNPATH_SEARCH_PATHS = "$(inherited) @executable_path/../Frameworks @loader_path/../Frameworks";
				PRODUCT_BUNDLE_IDENTIFIER = com.truizlop.TennisKataTest;
				PRODUCT_NAME = "$(TARGET_NAME)";
				SWIFT_ACTIVE_COMPILATION_CONDITIONS = DEBUG;
				SWIFT_VERSION = 5.0;
			};
			name = Debug;
		};
		11EA2A7A1DE453A800468127 /* Release */ = {
			isa = XCBuildConfiguration;
			baseConfigurationReference = 4F95E456C71B5AF7A474DD7F /* Pods-TennisKataTest.release.xcconfig */;
			buildSettings = {
				ALWAYS_EMBED_SWIFT_STANDARD_LIBRARIES = YES;
				COMBINE_HIDPI_IMAGES = YES;
				DEVELOPMENT_TEAM = L7RXC8SZH2;
				GCC_OPTIMIZATION_LEVEL = 0;
				INFOPLIST_FILE = TennisKataTest/Info.plist;
				LD_RUNPATH_SEARCH_PATHS = "$(inherited) @executable_path/../Frameworks @loader_path/../Frameworks";
				PRODUCT_BUNDLE_IDENTIFIER = com.truizlop.TennisKataTest;
				PRODUCT_NAME = "$(TARGET_NAME)";
				SWIFT_OPTIMIZATION_LEVEL = "-Owholemodule";
				SWIFT_VERSION = 5.0;
			};
			name = Release;
		};
/* End XCBuildConfiguration section */

/* Begin XCConfigurationList section */
		11EA2A601DE4537A00468127 /* Build configuration list for PBXProject "TennisKata" */ = {
			isa = XCConfigurationList;
			buildConfigurations = (
				11EA2A6A1DE4537A00468127 /* Debug */,
				11EA2A6B1DE4537A00468127 /* Release */,
			);
			defaultConfigurationIsVisible = 0;
			defaultConfigurationName = Release;
		};
		11EA2A6C1DE4537A00468127 /* Build configuration list for PBXNativeTarget "TennisKata" */ = {
			isa = XCConfigurationList;
			buildConfigurations = (
				11EA2A6D1DE4537A00468127 /* Debug */,
				11EA2A6E1DE4537A00468127 /* Release */,
			);
			defaultConfigurationIsVisible = 0;
			defaultConfigurationName = Release;
		};
		11EA2A781DE453A800468127 /* Build configuration list for PBXNativeTarget "TennisKataTest" */ = {
			isa = XCConfigurationList;
			buildConfigurations = (
				11EA2A791DE453A800468127 /* Debug */,
				11EA2A7A1DE453A800468127 /* Release */,
			);
			defaultConfigurationIsVisible = 0;
			defaultConfigurationName = Release;
		};
/* End XCConfigurationList section */
	};
	rootObject = 11EA2A5D1DE4537A00468127 /* Project object */;
}
